
Microsoft Visual Studio Solution File, Format Version 12.00
# Visual Studio Version 16
VisualStudioVersion = 16.0.29102.190
MinimumVisualStudioVersion = 10.0.40219.1
Project("{FAE04EC0-301F-11D3-BF4B-00C04F79EFBC}") = "padsize", "padsize\padsize.csproj", "{6F0A6536-7991-4BC9-95F3-AF8E93E4D672}"
EndProject
Global
	GlobalSection(SolutionConfigurationPlatforms) = preSolution
		Debug|Any CPU = Debug|Any CPU
		Release|Any CPU = Release|Any CPU
	EndGlobalSection
	GlobalSection(ProjectConfigurationPlatforms) = postSolution
		{6F0A6536-7991-4BC9-95F3-AF8E93E4D672}.Debug|Any CPU.ActiveCfg = Debug|Any CPU
		{6F0A6536-7991-4BC9-95F3-AF8E93E4D672}.Debug|Any CPU.Build.0 = Debug|Any CPU
		{6F0A6536-7991-4BC9-95F3-AF8E93E4D672}.Release|Any CPU.ActiveCfg = Release|Any CPU
		{6F0A6536-7991-4BC9-95F3-AF8E93E4D672}.Release|Any CPU.Build.0 = Release|Any CPU
	EndGlobalSection
	GlobalSection(SolutionProperties) = preSolution
		HideSolutionNode = FALSE
	EndGlobalSection
	GlobalSection(ExtensibilityGlobals) = postSolution
		SolutionGuid = {4501F299-E72E-4EFA-8507-CD2C30410FBF}
	EndGlobalSection
EndGlobal
