
Microsoft Visual Studio Solution File, Format Version 12.00
# Visual Studio Version 16
VisualStudioVersion = 16.0.29319.158
MinimumVisualStudioVersion = 10.0.40219.1
Project("{FAE04EC0-301F-11D3-BF4B-00C04F79EFBC}") = "dbgprinter", "dbgprinter\dbgprinter.csproj", "{797A54A0-467F-486B-8629-10CD20D9F346}"
EndProject
Global
	GlobalSection(SolutionConfigurationPlatforms) = preSolution
		Debug|Any CPU = Debug|Any CPU
		Release|Any CPU = Release|Any CPU
	EndGlobalSection
	GlobalSection(ProjectConfigurationPlatforms) = postSolution
		{797A54A0-467F-486B-8629-10CD20D9F346}.Debug|Any CPU.ActiveCfg = Debug|Any CPU
		{797A54A0-467F-486B-8629-10CD20D9F346}.Debug|Any CPU.Build.0 = Debug|Any CPU
		{797A54A0-467F-486B-8629-10CD20D9F346}.Release|Any CPU.ActiveCfg = Release|Any CPU
		{797A54A0-467F-486B-8629-10CD20D9F346}.Release|Any CPU.Build.0 = Release|Any CPU
	EndGlobalSection
	GlobalSection(SolutionProperties) = preSolution
		HideSolutionNode = FALSE
	EndGlobalSection
	GlobalSection(ExtensibilityGlobals) = postSolution
		SolutionGuid = {E0AFA884-A342-4029-9322-CC81D6A875E9}
	EndGlobalSection
EndGlobal
