
Microsoft Visual Studio Solution File, Format Version 12.00
# Visual Studio Version 16
VisualStudioVersion = 16.0.29319.158
MinimumVisualStudioVersion = 10.0.40219.1
Project("{FAE04EC0-301F-11D3-BF4B-00C04F79EFBC}") = "romfix-n8", "romfix-n8\romfix-n8.csproj", "{D589E8BF-4DB3-4F10-ACEA-797A59A4803B}"
EndProject
Global
	GlobalSection(SolutionConfigurationPlatforms) = preSolution
		Debug|Any CPU = Debug|Any CPU
		Release|Any CPU = Release|Any CPU
	EndGlobalSection
	GlobalSection(ProjectConfigurationPlatforms) = postSolution
		{D589E8BF-4DB3-4F10-ACEA-797A59A4803B}.Debug|Any CPU.ActiveCfg = Debug|Any CPU
		{D589E8BF-4DB3-4F10-ACEA-797A59A4803B}.Debug|Any CPU.Build.0 = Debug|Any CPU
		{D589E8BF-4DB3-4F10-ACEA-797A59A4803B}.Release|Any CPU.ActiveCfg = Release|Any CPU
		{D589E8BF-4DB3-4F10-ACEA-797A59A4803B}.Release|Any CPU.Build.0 = Release|Any CPU
	EndGlobalSection
	GlobalSection(SolutionProperties) = preSolution
		HideSolutionNode = FALSE
	EndGlobalSection
	GlobalSection(ExtensibilityGlobals) = postSolution
		SolutionGuid = {921F6CF7-9830-4BEF-A873-A77820190799}
	EndGlobalSection
EndGlobal
