
Microsoft Visual Studio Solution File, Format Version 12.00
# Visual Studio Version 16
VisualStudioVersion = 16.0.29102.190
MinimumVisualStudioVersion = 10.0.40219.1
Project("{FAE04EC0-301F-11D3-BF4B-00C04F79EFBC}") = "mapscan", "mapscan\mapscan.csproj", "{BF30DFA3-A187-4C1B-BD40-F9FBA0535D6E}"
EndProject
Global
	GlobalSection(SolutionConfigurationPlatforms) = preSolution
		Debug|Any CPU = Debug|Any CPU
		Release|Any CPU = Release|Any CPU
	EndGlobalSection
	GlobalSection(ProjectConfigurationPlatforms) = postSolution
		{BF30DFA3-A187-4C1B-BD40-F9FBA0535D6E}.Debug|Any CPU.ActiveCfg = Debug|Any CPU
		{BF30DFA3-A187-4C1B-BD40-F9FBA0535D6E}.Debug|Any CPU.Build.0 = Debug|Any CPU
		{BF30DFA3-A187-4C1B-BD40-F9FBA0535D6E}.Release|Any CPU.ActiveCfg = Release|Any CPU
		{BF30DFA3-A187-4C1B-BD40-F9FBA0535D6E}.Release|Any CPU.Build.0 = Release|Any CPU
	EndGlobalSection
	GlobalSection(SolutionProperties) = preSolution
		HideSolutionNode = FALSE
	EndGlobalSection
	GlobalSection(ExtensibilityGlobals) = postSolution
		SolutionGuid = {69A71A2D-B3AD-4B29-8F6B-F8509D60F3F2}
	EndGlobalSection
EndGlobal
