
Microsoft Visual Studio Solution File, Format Version 12.00
# Visual Studio 15
VisualStudioVersion = 15.0.28307.271
MinimumVisualStudioVersion = 10.0.40219.1
Project("{FAE04EC0-301F-11D3-BF4B-00C04F79EFBC}") = "map-refractor", "map-refractor\map-refractor.csproj", "{C16A19EC-F1A2-4B94-A239-1D7EBA35E6B9}"
EndProject
Global
	GlobalSection(SolutionConfigurationPlatforms) = preSolution
		Debug|Any CPU = Debug|Any CPU
		Release|Any CPU = Release|Any CPU
	EndGlobalSection
	GlobalSection(ProjectConfigurationPlatforms) = postSolution
		{C16A19EC-F1A2-4B94-A239-1D7EBA35E6B9}.Debug|Any CPU.ActiveCfg = Debug|Any CPU
		{C16A19EC-F1A2-4B94-A239-1D7EBA35E6B9}.Debug|Any CPU.Build.0 = Debug|Any CPU
		{C16A19EC-F1A2-4B94-A239-1D7EBA35E6B9}.Release|Any CPU.ActiveCfg = Release|Any CPU
		{C16A19EC-F1A2-4B94-A239-1D7EBA35E6B9}.Release|Any CPU.Build.0 = Release|Any CPU
	EndGlobalSection
	GlobalSection(SolutionProperties) = preSolution
		HideSolutionNode = FALSE
	EndGlobalSection
	GlobalSection(ExtensibilityGlobals) = postSolution
		SolutionGuid = {F84E51BA-B0FF-4AC2-A6C4-CFD6AA4E0E43}
	EndGlobalSection
EndGlobal
