
Microsoft Visual Studio Solution File, Format Version 12.00
# Visual Studio Version 16
VisualStudioVersion = 16.0.29006.145
MinimumVisualStudioVersion = 10.0.40219.1
Project("{FAE04EC0-301F-11D3-BF4B-00C04F79EFBC}") = "flashprog", "flashprog\flashprog.csproj", "{8C2E00D2-F807-4AE9-817B-C26EC18521E4}"
EndProject
Global
	GlobalSection(SolutionConfigurationPlatforms) = preSolution
		Debug|Any CPU = Debug|Any CPU
		Release|Any CPU = Release|Any CPU
	EndGlobalSection
	GlobalSection(ProjectConfigurationPlatforms) = postSolution
		{8C2E00D2-F807-4AE9-817B-C26EC18521E4}.Debug|Any CPU.ActiveCfg = Debug|Any CPU
		{8C2E00D2-F807-4AE9-817B-C26EC18521E4}.Debug|Any CPU.Build.0 = Debug|Any CPU
		{8C2E00D2-F807-4AE9-817B-C26EC18521E4}.Release|Any CPU.ActiveCfg = Release|Any CPU
		{8C2E00D2-F807-4AE9-817B-C26EC18521E4}.Release|Any CPU.Build.0 = Release|Any CPU
	EndGlobalSection
	GlobalSection(SolutionProperties) = preSolution
		HideSolutionNode = FALSE
	EndGlobalSection
	GlobalSection(ExtensibilityGlobals) = postSolution
		SolutionGuid = {0ACF73B1-C8FB-481D-BC3A-247EDA096C87}
	EndGlobalSection
EndGlobal
