
Microsoft Visual Studio Solution File, Format Version 12.00
# Visual Studio 15
VisualStudioVersion = 15.0.28307.271
MinimumVisualStudioVersion = 10.0.40219.1
Project("{FAE04EC0-301F-11D3-BF4B-00C04F79EFBC}") = "memreport", "memreport\memreport.csproj", "{EFD53138-984B-4A0E-953F-EB806C7D8024}"
EndProject
Global
	GlobalSection(SolutionConfigurationPlatforms) = preSolution
		Debug|Any CPU = Debug|Any CPU
		Release|Any CPU = Release|Any CPU
	EndGlobalSection
	GlobalSection(ProjectConfigurationPlatforms) = postSolution
		{EFD53138-984B-4A0E-953F-EB806C7D8024}.Debug|Any CPU.ActiveCfg = Debug|Any CPU
		{EFD53138-984B-4A0E-953F-EB806C7D8024}.Debug|Any CPU.Build.0 = Debug|Any CPU
		{EFD53138-984B-4A0E-953F-EB806C7D8024}.Release|Any CPU.ActiveCfg = Release|Any CPU
		{EFD53138-984B-4A0E-953F-EB806C7D8024}.Release|Any CPU.Build.0 = Release|Any CPU
	EndGlobalSection
	GlobalSection(SolutionProperties) = preSolution
		HideSolutionNode = FALSE
	EndGlobalSection
	GlobalSection(ExtensibilityGlobals) = postSolution
		SolutionGuid = {00019C71-A413-41B9-B429-E079850E9F78}
	EndGlobalSection
EndGlobal
